
Microsoft Visual Studio Solution File, Format Version 12.00
# Visual Studio Version 16
VisualStudioVersion = 16.0.32602.291
MinimumVisualStudioVersion = 10.0.40219.1
Project("{FAE04EC0-301F-11D3-BF4B-00C04F79EFBC}") = "RoomTags", "RoomTags\RoomTags.csproj", "{D7A25AE9-CB77-4737-9091-69932D8D1DF8}"
EndProject
Global
	GlobalSection(SolutionConfigurationPlatforms) = preSolution
		Debug|Any CPU = Debug|Any CPU
		Release|Any CPU = Release|Any CPU
	EndGlobalSection
	GlobalSection(ProjectConfigurationPlatforms) = postSolution
		{D7A25AE9-CB77-4737-9091-69932D8D1DF8}.Debug|Any CPU.ActiveCfg = Debug|Any CPU
		{D7A25AE9-CB77-4737-9091-69932D8D1DF8}.Debug|Any CPU.Build.0 = Debug|Any CPU
		{D7A25AE9-CB77-4737-9091-69932D8D1DF8}.Release|Any CPU.ActiveCfg = Release|Any CPU
		{D7A25AE9-CB77-4737-9091-69932D8D1DF8}.Release|Any CPU.Build.0 = Release|Any CPU
	EndGlobalSection
	GlobalSection(SolutionProperties) = preSolution
		HideSolutionNode = FALSE
	EndGlobalSection
	GlobalSection(ExtensibilityGlobals) = postSolution
		SolutionGuid = {ADA52677-B3D9-4456-9194-ECDEFBD590AB}
	EndGlobalSection
EndGlobal
